
Microsoft Visual Studio Solution File, Format Version 12.00
# Visual Studio Version 16
VisualStudioVersion = 16.0.33130.400
MinimumVisualStudioVersion = 10.0.40219.1
Project("{8BC9CEB8-8B4A-11D0-8D11-00A0C91BC942}") = "SortedListA_SP23ThisOne", "SortedListA_SP23ThisOne\SortedListA_SP23ThisOne.vcxproj", "{1527D2EA-28AE-458A-B67A-D9DA165DC39A}"
EndProject
Global
	GlobalSection(SolutionConfigurationPlatforms) = preSolution
		Debug|x64 = Debug|x64
		Debug|x86 = Debug|x86
		Release|x64 = Release|x64
		Release|x86 = Release|x86
	EndGlobalSection
	GlobalSection(ProjectConfigurationPlatforms) = postSolution
		{1527D2EA-28AE-458A-B67A-D9DA165DC39A}.Debug|x64.ActiveCfg = Debug|x64
		{1527D2EA-28AE-458A-B67A-D9DA165DC39A}.Debug|x64.Build.0 = Debug|x64
		{1527D2EA-28AE-458A-B67A-D9DA165DC39A}.Debug|x86.ActiveCfg = Debug|Win32
		{1527D2EA-28AE-458A-B67A-D9DA165DC39A}.Debug|x86.Build.0 = Debug|Win32
		{1527D2EA-28AE-458A-B67A-D9DA165DC39A}.Release|x64.ActiveCfg = Release|x64
		{1527D2EA-28AE-458A-B67A-D9DA165DC39A}.Release|x64.Build.0 = Release|x64
		{1527D2EA-28AE-458A-B67A-D9DA165DC39A}.Release|x86.ActiveCfg = Release|Win32
		{1527D2EA-28AE-458A-B67A-D9DA165DC39A}.Release|x86.Build.0 = Release|Win32
	EndGlobalSection
	GlobalSection(SolutionProperties) = preSolution
		HideSolutionNode = FALSE
	EndGlobalSection
	GlobalSection(ExtensibilityGlobals) = postSolution
		SolutionGuid = {F55E532B-5D24-4B61-838B-8C92DDA54E66}
	EndGlobalSection
EndGlobal
